Microsoft Visual Studio Solution File, Format Version 12.00
# Visual Studio 2013
VisualStudioVersion = 12.0.30501.0
MinimumVisualStudioVersion = 10.0.40219.1
Project("{A174264C-5D56-438C-B399-38270915AAEF}") = "1415_struct_2", "1415_struct_2.vcxproj", "{C75AA28C-27EE-41CB-AA85-6189875937CC}"
EndProject
Global
	GlobalSection(SolutionConfigurationPlatforms) = preSolution
		Android|Win32 = Android|Win32
		Debug|Win32 = Debug|Win32
		PS3|Win32 = PS3|Win32
		PSP|Win32 = PSP|Win32
		Release|Win32 = Release|Win32
	EndGlobalSection
	GlobalSection(ProjectConfigurationPlatforms) = postSolution
		{C75AA28C-27EE-41CB-AA85-6189875937CC}.Android|Win32.ActiveCfg = Android|Win32
		{C75AA28C-27EE-41CB-AA85-6189875937CC}.Android|Win32.Build.0 = Android|Win32
		{C75AA28C-27EE-41CB-AA85-6189875937CC}.Debug|Win32.ActiveCfg = Debug|Win32
		{C75AA28C-27EE-41CB-AA85-6189875937CC}.Debug|Win32.Build.0 = Debug|Win32
		{C75AA28C-27EE-41CB-AA85-6189875937CC}.PS3|Win32.ActiveCfg = PS3|Win32
		{C75AA28C-27EE-41CB-AA85-6189875937CC}.PS3|Win32.Build.0 = PS3|Win32
		{C75AA28C-27EE-41CB-AA85-6189875937CC}.PSP|Win32.ActiveCfg = PSP|Win32
		{C75AA28C-27EE-41CB-AA85-6189875937CC}.PSP|Win32.Build.0 = PSP|Win32
		{C75AA28C-27EE-41CB-AA85-6189875937CC}.Release|Win32.ActiveCfg = Release|Win32
		{C75AA28C-27EE-41CB-AA85-6189875937CC}.Release|Win32.Build.0 = Release|Win32
	EndGlobalSection
	GlobalSection(SolutionProperties) = preSolution
		HideSolutionNode = FALSE
	EndGlobalSection
EndGlobal
