<?xml version="1.0" encoding="utf-8"?>
<Project ToolsVersion="4.0" xmlns="http://schemas.microsoft.com/developer/msbuild/2003">
  <ItemGroup>
    <ClCompile Include="..\..\main\lib\flib\flib.cpp">
      <Filter>CPP Files</Filter>
    </ClCompile>
    <ClCompile Include="main.cpp">
      <Filter>CPP Files</Filter>
    </ClCompile>
    <ClCompile Include="global.cpp">
      <Filter>CPP Files</Filter>
    </ClCompile>
    <ClCompile Include="map.cpp">
      <Filter>CPP Files</Filter>
    </ClCompile>
    <ClCompile Include="..\..\main\lib\flib\flib_vec2.cpp">
      <Filter>CPP Files</Filter>
    </ClCompile>
    <ClCompile Include="lemmings.cpp">
      <Filter>CPP Files</Filter>
    </ClCompile>
    <ClCompile Include="wall.cpp">
      <Filter>CPP Files</Filter>
    </ClCompile>
  </ItemGroup>
  <ItemGroup>
    <Filter Include="Header Files">
      <UniqueIdentifier>{96edf901-bb86-4df7-bf90-a09e33e8d45a}</UniqueIdentifier>
    </Filter>
    <Filter Include="CPP Files">
      <UniqueIdentifier>{74be2698-a600-45d8-b27b-096d7660f67c}</UniqueIdentifier>
    </Filter>
  </ItemGroup>
  <ItemGroup>
    <ClInclude Include="global.h">
      <Filter>Header Files</Filter>
    </ClInclude>
    <ClInclude Include="map.h">
      <Filter>Header Files</Filter>
    </ClInclude>
    <ClInclude Include="lemmings.h">
      <Filter>Header Files</Filter>
    </ClInclude>
    <ClInclude Include="wall.h">
      <Filter>Header Files</Filter>
    </ClInclude>
  </ItemGroup>
</Project>