Microsoft Visual Studio Solution File, Format Version 12.00
# Visual Studio 2013
VisualStudioVersion = 12.0.30501.0
MinimumVisualStudioVersion = 10.0.40219.1
Project("{0601A218-8740-447E-93FF-A288C8B0D23E}") = "1415_2TIB4_Theorie_Macro_And_Others", "1415_2TIB4_Theorie_Macro_And_Others.vcxproj", "{E3FFDF77-A71C-48D0-A0C4-A7C586B46C3C}"
EndProject
Global
	GlobalSection(SolutionConfigurationPlatforms) = preSolution
		Android|Win32 = Android|Win32
		Debug|Win32 = Debug|Win32
		PS3|Win32 = PS3|Win32
		PSP|Win32 = PSP|Win32
		Release|Win32 = Release|Win32
	EndGlobalSection
	GlobalSection(ProjectConfigurationPlatforms) = postSolution
		{E3FFDF77-A71C-48D0-A0C4-A7C586B46C3C}.Android|Win32.ActiveCfg = Android|Win32
		{E3FFDF77-A71C-48D0-A0C4-A7C586B46C3C}.Android|Win32.Build.0 = Android|Win32
		{E3FFDF77-A71C-48D0-A0C4-A7C586B46C3C}.Debug|Win32.ActiveCfg = Debug|Win32
		{E3FFDF77-A71C-48D0-A0C4-A7C586B46C3C}.Debug|Win32.Build.0 = Debug|Win32
		{E3FFDF77-A71C-48D0-A0C4-A7C586B46C3C}.PS3|Win32.ActiveCfg = PS3|Win32
		{E3FFDF77-A71C-48D0-A0C4-A7C586B46C3C}.PS3|Win32.Build.0 = PS3|Win32
		{E3FFDF77-A71C-48D0-A0C4-A7C586B46C3C}.PSP|Win32.ActiveCfg = PSP|Win32
		{E3FFDF77-A71C-48D0-A0C4-A7C586B46C3C}.PSP|Win32.Build.0 = PSP|Win32
		{E3FFDF77-A71C-48D0-A0C4-A7C586B46C3C}.Release|Win32.ActiveCfg = Release|Win32
		{E3FFDF77-A71C-48D0-A0C4-A7C586B46C3C}.Release|Win32.Build.0 = Release|Win32
	EndGlobalSection
	GlobalSection(SolutionProperties) = preSolution
		HideSolutionNode = FALSE
	EndGlobalSection
EndGlobal
