Microsoft Visual Studio Solution File, Format Version 12.00
# Visual Studio 2013
VisualStudioVersion = 12.0.30501.0
MinimumVisualStudioVersion = 10.0.40219.1
Project("{8BB8B661-C999-4F5D-B54C-314AEAFA3A5C}") = "MOP_WinOrLose", "MOP_WinOrLose.vcxproj", "{5A7E6A3C-EF6E-4510-9CF3-3FD1ECC8B124}"
EndProject
Global
	GlobalSection(SolutionConfigurationPlatforms) = preSolution
		Android|Win32 = Android|Win32
		Debug|Win32 = Debug|Win32
		PS3|Win32 = PS3|Win32
		PSP|Win32 = PSP|Win32
		Release|Win32 = Release|Win32
	EndGlobalSection
	GlobalSection(ProjectConfigurationPlatforms) = postSolution
		{5A7E6A3C-EF6E-4510-9CF3-3FD1ECC8B124}.Android|Win32.ActiveCfg = Android|Win32
		{5A7E6A3C-EF6E-4510-9CF3-3FD1ECC8B124}.Android|Win32.Build.0 = Android|Win32
		{5A7E6A3C-EF6E-4510-9CF3-3FD1ECC8B124}.Debug|Win32.ActiveCfg = Debug|Win32
		{5A7E6A3C-EF6E-4510-9CF3-3FD1ECC8B124}.Debug|Win32.Build.0 = Debug|Win32
		{5A7E6A3C-EF6E-4510-9CF3-3FD1ECC8B124}.PS3|Win32.ActiveCfg = PS3|Win32
		{5A7E6A3C-EF6E-4510-9CF3-3FD1ECC8B124}.PS3|Win32.Build.0 = PS3|Win32
		{5A7E6A3C-EF6E-4510-9CF3-3FD1ECC8B124}.PSP|Win32.ActiveCfg = PSP|Win32
		{5A7E6A3C-EF6E-4510-9CF3-3FD1ECC8B124}.PSP|Win32.Build.0 = PSP|Win32
		{5A7E6A3C-EF6E-4510-9CF3-3FD1ECC8B124}.Release|Win32.ActiveCfg = Release|Win32
		{5A7E6A3C-EF6E-4510-9CF3-3FD1ECC8B124}.Release|Win32.Build.0 = Release|Win32
	EndGlobalSection
	GlobalSection(SolutionProperties) = preSolution
		HideSolutionNode = FALSE
	EndGlobalSection
EndGlobal
