Microsoft Visual Studio Solution File, Format Version 12.00
# Visual Studio 2013
VisualStudioVersion = 12.0.30501.0
MinimumVisualStudioVersion = 10.0.40219.1
Project("{5BB032E6-27D4-4027-99F9-7405D3DAF175}") = "class_theory_OLI", "class_theory_OLI.vcxproj", "{1BDE0830-1981-4D78-A45A-5B5D78685160}"
EndProject
Global
	GlobalSection(SolutionConfigurationPlatforms) = preSolution
		Android|Win32 = Android|Win32
		Debug|Win32 = Debug|Win32
		PS3|Win32 = PS3|Win32
		PSP|Win32 = PSP|Win32
		Release|Win32 = Release|Win32
	EndGlobalSection
	GlobalSection(ProjectConfigurationPlatforms) = postSolution
		{1BDE0830-1981-4D78-A45A-5B5D78685160}.Android|Win32.ActiveCfg = Android|Win32
		{1BDE0830-1981-4D78-A45A-5B5D78685160}.Android|Win32.Build.0 = Android|Win32
		{1BDE0830-1981-4D78-A45A-5B5D78685160}.Debug|Win32.ActiveCfg = Debug|Win32
		{1BDE0830-1981-4D78-A45A-5B5D78685160}.Debug|Win32.Build.0 = Debug|Win32
		{1BDE0830-1981-4D78-A45A-5B5D78685160}.PS3|Win32.ActiveCfg = PS3|Win32
		{1BDE0830-1981-4D78-A45A-5B5D78685160}.PS3|Win32.Build.0 = PS3|Win32
		{1BDE0830-1981-4D78-A45A-5B5D78685160}.PSP|Win32.ActiveCfg = PSP|Win32
		{1BDE0830-1981-4D78-A45A-5B5D78685160}.PSP|Win32.Build.0 = PSP|Win32
		{1BDE0830-1981-4D78-A45A-5B5D78685160}.Release|Win32.ActiveCfg = Release|Win32
		{1BDE0830-1981-4D78-A45A-5B5D78685160}.Release|Win32.Build.0 = Release|Win32
	EndGlobalSection
	GlobalSection(SolutionProperties) = preSolution
		HideSolutionNode = FALSE
	EndGlobalSection
EndGlobal
